// !$*UTF8*$!
{
	archiveVersion = 1;
	classes = {
	};
	objectVersion = 55;
	objects = {

/* Begin PBXBuildFile section */
		427424A927C53EB60065B8D1 /* TrackStool.swift in Sources */ = {isa = PBXBuildFile; fileRef = 427424A827C53EB60065B8D1 /* TrackStool.swift */; };
		42AEF43227927B3E0022B87F /* digestivesystemApp.swift in Sources */ = {isa = PBXBuildFile; fileRef = 42AEF42227927B3B0022B87F /* digestivesystemApp.swift */; };
		42AEF43327927B3E0022B87F /* digestivesystemApp.swift in Sources */ = {isa = PBXBuildFile; fileRef = 42AEF42227927B3B0022B87F /* digestivesystemApp.swift */; };
		42AEF43427927B3E0022B87F /* ContentView.swift in Sources */ = {isa = PBXBuildFile; fileRef = 42AEF42327927B3B0022B87F /* ContentView.swift */; };
		42AEF43527927B3E0022B87F /* ContentView.swift in Sources */ = {isa = PBXBuildFile; fileRef = 42AEF42327927B3B0022B87F /* ContentView.swift */; };
		42AEF43627927B3E0022B87F /* Assets.xcassets in Resources */ = {isa = PBXBuildFile; fileRef = 42AEF42427927B3E0022B87F /* Assets.xcassets */; };
		42AEF43727927B3E0022B87F /* Assets.xcassets in Resources */ = {isa = PBXBuildFile; fileRef = 42AEF42427927B3E0022B87F /* Assets.xcassets */; };
		42D5FE7027BE8155002BD73C /* Home.swift in Sources */ = {isa = PBXBuildFile; fileRef = 42D5FE6F27BE8155002BD73C /* Home.swift */; };
		42D5FE7427BE87F3002BD73C /* DailySummary.swift in Sources */ = {isa = PBXBuildFile; fileRef = 42D5FE7327BE87F3002BD73C /* DailySummary.swift */; };
		42F9FD7027C295800035C8DE /* TrackFood.swift in Sources */ = {isa = PBXBuildFile; fileRef = 42F9FD6F27C295800035C8DE /* TrackFood.swift */; };
		42F9FD7227C3C10F0035C8DE /* CheckBoxView.swift in Sources */ = {isa = PBXBuildFile; fileRef = 42F9FD7127C3C10F0035C8DE /* CheckBoxView.swift */; };
/* End PBXBuildFile section */

/* Begin PBXFileReference section */
		427424A827C53EB60065B8D1 /* TrackStool.swift */ = {isa = PBXFileReference; lastKnownFileType = sourcecode.swift; path = TrackStool.swift; sourceTree = "<group>"; };
		42AEF42227927B3B0022B87F /* digestivesystemApp.swift */ = {isa = PBXFileReference; lastKnownFileType = sourcecode.swift; path = digestivesystemApp.swift; sourceTree = "<group>"; };
		42AEF42327927B3B0022B87F /* ContentView.swift */ = {isa = PBXFileReference; lastKnownFileType = sourcecode.swift; path = ContentView.swift; sourceTree = "<group>"; };
		42AEF42427927B3E0022B87F /* Assets.xcassets */ = {isa = PBXFileReference; lastKnownFileType = folder.assetcatalog; path = Assets.xcassets; sourceTree = "<group>"; };
		42AEF42927927B3E0022B87F /* digestivesystem.app */ = {isa = PBXFileReference; explicitFileType = wrapper.application; includeInIndex = 0; path = digestivesystem.app; sourceTree = BUILT_PRODUCTS_DIR; };
		42AEF42F27927B3E0022B87F /* digestivesystem.app */ = {isa = PBXFileReference; explicitFileType = wrapper.application; includeInIndex = 0; path = digestivesystem.app; sourceTree = BUILT_PRODUCTS_DIR; };
		42AEF43127927B3E0022B87F /* macOS.entitlements */ = {isa = PBXFileReference; lastKnownFileType = text.plist.entitlements; path = macOS.entitlements; sourceTree = "<group>"; };
		42D5FE6F27BE8155002BD73C /* Home.swift */ = {isa = PBXFileReference; lastKnownFileType = sourcecode.swift; path = Home.swift; sourceTree = "<group>"; };
		42D5FE7327BE87F3002BD73C /* DailySummary.swift */ = {isa = PBXFileReference; lastKnownFileType = sourcecode.swift; path = DailySummary.swift; sourceTree = "<group>"; };
		42F9FD6F27C295800035C8DE /* TrackFood.swift */ = {isa = PBXFileReference; lastKnownFileType = sourcecode.swift; path = TrackFood.swift; sourceTree = "<group>"; };
		42F9FD7127C3C10F0035C8DE /* CheckBoxView.swift */ = {isa = PBXFileReference; lastKnownFileType = sourcecode.swift; path = CheckBoxView.swift; sourceTree = "<group>"; };
/* End PBXFileReference section */

/* Begin PBXFrameworksBuildPhase section */
		42AEF42627927B3E0022B87F /* Frameworks */ = {
			isa = PBXFrameworksBuildPhase;
			buildActionMask = 2147483647;
			files = (
			);
			runOnlyForDeploymentPostprocessing = 0;
		};
		42AEF42C27927B3E0022B87F /* Frameworks */ = {
			isa = PBXFrameworksBuildPhase;
			buildActionMask = 2147483647;
			files = (
			);
			runOnlyForDeploymentPostprocessing = 0;
		};
/* End PBXFrameworksBuildPhase section */

/* Begin PBXGroup section */
		427424A727C53E560065B8D1 /* ViewParts */ = {
			isa = PBXGroup;
			children = (
				42F9FD7127C3C10F0035C8DE /* CheckBoxView.swift */,
			);
			path = ViewParts;
			sourceTree = "<group>";
		};
		42AEF41C27927B3B0022B87F = {
			isa = PBXGroup;
			children = (
				42AEF42127927B3B0022B87F /* Shared */,
				42AEF43027927B3E0022B87F /* macOS */,
				42AEF42A27927B3E0022B87F /* Products */,
			);
			sourceTree = "<group>";
		};
		42AEF42127927B3B0022B87F /* Shared */ = {
			isa = PBXGroup;
			children = (
				427424A727C53E560065B8D1 /* ViewParts */,
				42D5FE6C27BE80A9002BD73C /* Views */,
				42AEF42227927B3B0022B87F /* digestivesystemApp.swift */,
				42AEF42327927B3B0022B87F /* ContentView.swift */,
				42AEF42427927B3E0022B87F /* Assets.xcassets */,
			);
			path = Shared;
			sourceTree = "<group>";
		};
		42AEF42A27927B3E0022B87F /* Products */ = {
			isa = PBXGroup;
			children = (
				42AEF42927927B3E0022B87F /* digestivesystem.app */,
				42AEF42F27927B3E0022B87F /* digestivesystem.app */,
			);
			name = Products;
			sourceTree = "<group>";
		};
		42AEF43027927B3E0022B87F /* macOS */ = {
			isa = PBXGroup;
			children = (
				42AEF43127927B3E0022B87F /* macOS.entitlements */,
			);
			path = macOS;
			sourceTree = "<group>";
		};
		42D5FE6C27BE80A9002BD73C /* Views */ = {
			isa = PBXGroup;
			children = (
				42D5FE6F27BE8155002BD73C /* Home.swift */,
				42D5FE7327BE87F3002BD73C /* DailySummary.swift */,
				42F9FD6F27C295800035C8DE /* TrackFood.swift */,
				427424A827C53EB60065B8D1 /* TrackStool.swift */,
			);
			path = Views;
			sourceTree = "<group>";
		};
/* End PBXGroup section */

/* Begin PBXNativeTarget section */
		42AEF42827927B3E0022B87F /* digestivesystem (iOS) */ = {
			isa = PBXNativeTarget;
			buildConfigurationList = 42AEF43A27927B3E0022B87F /* Build configuration list for PBXNativeTarget "digestivesystem (iOS)" */;
			buildPhases = (
				42AEF42527927B3E0022B87F /* Sources */,
				42AEF42627927B3E0022B87F /* Frameworks */,
				42AEF42727927B3E0022B87F /* Resources */,
			);
			buildRules = (
			);
			dependencies = (
			);
			name = "digestivesystem (iOS)";
			productName = "digestivesystem (iOS)";
			productReference = 42AEF42927927B3E0022B87F /* digestivesystem.app */;
			productType = "com.apple.product-type.application";
		};
		42AEF42E27927B3E0022B87F /* digestivesystem (macOS) */ = {
			isa = PBXNativeTarget;
			buildConfigurationList = 42AEF43D27927B3E0022B87F /* Build configuration list for PBXNativeTarget "digestivesystem (macOS)" */;
			buildPhases = (
				42AEF42B27927B3E0022B87F /* Sources */,
				42AEF42C27927B3E0022B87F /* Frameworks */,
				42AEF42D27927B3E0022B87F /* Resources */,
			);
			buildRules = (
			);
			dependencies = (
			);
			name = "digestivesystem (macOS)";
			productName = "digestivesystem (macOS)";
			productReference = 42AEF42F27927B3E0022B87F /* digestivesystem.app */;
			productType = "com.apple.product-type.application";
		};
/* End PBXNativeTarget section */

/* Begin PBXProject section */
		42AEF41D27927B3B0022B87F /* Project object */ = {
			isa = PBXProject;
			attributes = {
				BuildIndependentTargetsInParallel = 1;
				LastSwiftUpdateCheck = 1320;
				LastUpgradeCheck = 1320;
				TargetAttributes = {
					42AEF42827927B3E0022B87F = {
						CreatedOnToolsVersion = 13.2.1;
					};
					42AEF42E27927B3E0022B87F = {
						CreatedOnToolsVersion = 13.2.1;
					};
				};
			};
			buildConfigurationList = 42AEF42027927B3B0022B87F /* Build configuration list for PBXProject "digestivesystem" */;
			compatibilityVersion = "Xcode 13.0";
			developmentRegion = en;
			hasScannedForEncodings = 0;
			knownRegions = (
				en,
				Base,
			);
			mainGroup = 42AEF41C27927B3B0022B87F;
			productRefGroup = 42AEF42A27927B3E0022B87F /* Products */;
			projectDirPath = "";
			projectRoot = "";
			targets = (
				42AEF42827927B3E0022B87F /* digestivesystem (iOS) */,
				42AEF42E27927B3E0022B87F /* digestivesystem (macOS) */,
			);
		};
/* End PBXProject section */

/* Begin PBXResourcesBuildPhase section */
		42AEF42727927B3E0022B87F /* Resources */ = {
			isa = PBXResourcesBuildPhase;
			buildActionMask = 2147483647;
			files = (
				42AEF43627927B3E0022B87F /* Assets.xcassets in Resources */,
			);
			runOnlyForDeploymentPostprocessing = 0;
		};
		42AEF42D27927B3E0022B87F /* Resources */ = {
			isa = PBXResourcesBuildPhase;
			buildActionMask = 2147483647;
			files = (
				42AEF43727927B3E0022B87F /* Assets.xcassets in Resources */,
			);
			runOnlyForDeploymentPostprocessing = 0;
		};
/* End PBXResourcesBuildPhase section */

/* Begin PBXSourcesBuildPhase section */
		42AEF42527927B3E0022B87F /* Sources */ = {
			isa = PBXSourcesBuildPhase;
			buildActionMask = 2147483647;
			files = (
				427424A927C53EB60065B8D1 /* TrackStool.swift in Sources */,
				42F9FD7027C295800035C8DE /* TrackFood.swift in Sources */,
				42F9FD7227C3C10F0035C8DE /* CheckBoxView.swift in Sources */,
				42AEF43427927B3E0022B87F /* ContentView.swift in Sources */,
				42D5FE7027BE8155002BD73C /* Home.swift in Sources */,
				42D5FE7427BE87F3002BD73C /* DailySummary.swift in Sources */,
				42AEF43227927B3E0022B87F /* digestivesystemApp.swift in Sources */,
			);
			runOnlyForDeploymentPostprocessing = 0;
		};
		42AEF42B27927B3E0022B87F /* Sources */ = {
			isa = PBXSourcesBuildPhase;
			buildActionMask = 2147483647;
			files = (
				42AEF43527927B3E0022B87F /* ContentView.swift in Sources */,
				42AEF43327927B3E0022B87F /* digestivesystemApp.swift in Sources */,
			);
			runOnlyForDeploymentPostprocessing = 0;
		};
/* End PBXSourcesBuildPhase section */

/* Begin XCBuildConfiguration section */
		42AEF43827927B3E0022B87F /* Debug */ = {
			isa = XCBuildConfiguration;
			buildSettings = {
				ALWAYS_SEARCH_USER_PATHS = NO;
				CLANG_ANALYZER_NONNULL = YES;
				CLANG_ANALYZER_NUMBER_OBJECT_CONVERSION = YES_AGGRESSIVE;
				CLANG_CXX_LANGUAGE_STANDARD = "gnu++17";
				CLANG_CXX_LIBRARY = "libc++";
				CLANG_ENABLE_MODULES = YES;
				CLANG_ENABLE_OBJC_ARC = YES;
				CLANG_ENABLE_OBJC_WEAK = YES;
				CLANG_WARN_BLOCK_CAPTURE_AUTORELEASING = YES;
				CLANG_WARN_BOOL_CONVERSION = YES;
				CLANG_WARN_COMMA = YES;
				CLANG_WARN_CONSTANT_CONVERSION = YES;
				CLANG_WARN_DEPRECATED_OBJC_IMPLEMENTATIONS = YES;
				CLANG_WARN_DIRECT_OBJC_ISA_USAGE = YES_ERROR;
				CLANG_WARN_DOCUMENTATION_COMMENTS = YES;
				CLANG_WARN_EMPTY_BODY = YES;
				CLANG_WARN_ENUM_CONVERSION = YES;
				CLANG_WARN_INFINITE_RECURSION = YES;
				CLANG_WARN_INT_CONVERSION = YES;
				CLANG_WARN_NON_LITERAL_NULL_CONVERSION = YES;
				CLANG_WARN_OBJC_IMPLICIT_RETAIN_SELF = YES;
				CLANG_WARN_OBJC_LITERAL_CONVERSION = YES;
				CLANG_WARN_OBJC_ROOT_CLASS = YES_ERROR;
				CLANG_WARN_QUOTED_INCLUDE_IN_FRAMEWORK_HEADER = YES;
				CLANG_WARN_RANGE_LOOP_ANALYSIS = YES;
				CLANG_WARN_STRICT_PROTOTYPES = YES;
				CLANG_WARN_SUSPICIOUS_MOVE = YES;
				CLANG_WARN_UNGUARDED_AVAILABILITY = YES_AGGRESSIVE;
				CLANG_WARN_UNREACHABLE_CODE = YES;
				CLANG_WARN__DUPLICATE_METHOD_MATCH = YES;
				COPY_PHASE_STRIP = NO;
				DEBUG_INFORMATION_FORMAT = dwarf;
				ENABLE_STRICT_OBJC_MSGSEND = YES;
				ENABLE_TESTABILITY = YES;
				GCC_C_LANGUAGE_STANDARD = gnu11;
				GCC_DYNAMIC_NO_PIC = NO;
				GCC_NO_COMMON_BLOCKS = YES;
				GCC_OPTIMIZATION_LEVEL = 0;
				GCC_PREPROCESSOR_DEFINITIONS = (
					"DEBUG=1",
					"$(inherited)",
				);
				GCC_WARN_64_TO_32_BIT_CONVERSION = YES;
				GCC_WARN_ABOUT_RETURN_TYPE = YES_ERROR;
				GCC_WARN_UNDECLARED_SELECTOR = YES;
				GCC_WARN_UNINITIALIZED_AUTOS = YES_AGGRESSIVE;
				GCC_WARN_UNUSED_FUNCTION = YES;
				GCC_WARN_UNUSED_VARIABLE = YES;
				MTL_ENABLE_DEBUG_INFO = INCLUDE_SOURCE;
				MTL_FAST_MATH = YES;
				ONLY_ACTIVE_ARCH = YES;
				SWIFT_ACTIVE_COMPILATION_CONDITIONS = DEBUG;
				SWIFT_OPTIMIZATION_LEVEL = "-Onone";
			};
			name = Debug;
		};
		42AEF43927927B3E0022B87F /* Release */ = {
			isa = XCBuildConfiguration;
			buildSettings = {
				ALWAYS_SEARCH_USER_PATHS = NO;
				CLANG_ANALYZER_NONNULL = YES;
				CLANG_ANALYZER_NUMBER_OBJECT_CONVERSION = YES_AGGRESSIVE;
				CLANG_CXX_LANGUAGE_STANDARD = "gnu++17";
				CLANG_CXX_LIBRARY = "libc++";
				CLANG_ENABLE_MODULES = YES;
				CLANG_ENABLE_OBJC_ARC = YES;
				CLANG_ENABLE_OBJC_WEAK = YES;
				CLANG_WARN_BLOCK_CAPTURE_AUTORELEASING = YES;
				CLANG_WARN_BOOL_CONVERSION = YES;
				CLANG_WARN_COMMA = YES;
				CLANG_WARN_CONSTANT_CONVERSION = YES;
				CLANG_WARN_DEPRECATED_OBJC_IMPLEMENTATIONS = YES;
				CLANG_WARN_DIRECT_OBJC_ISA_USAGE = YES_ERROR;
				CLANG_WARN_DOCUMENTATION_COMMENTS = YES;
				CLANG_WARN_EMPTY_BODY = YES;
				CLANG_WARN_ENUM_CONVERSION = YES;
				CLANG_WARN_INFINITE_RECURSION = YES;
				CLANG_WARN_INT_CONVERSION = YES;
				CLANG_WARN_NON_LITERAL_NULL_CONVERSION = YES;
				CLANG_WARN_OBJC_IMPLICIT_RETAIN_SELF = YES;
				CLANG_WARN_OBJC_LITERAL_CONVERSION = YES;
				CLANG_WARN_OBJC_ROOT_CLASS = YES_ERROR;
				CLANG_WARN_QUOTED_INCLUDE_IN_FRAMEWORK_HEADER = YES;
				CLANG_WARN_RANGE_LOOP_ANALYSIS = YES;
				CLANG_WARN_STRICT_PROTOTYPES = YES;
				CLANG_WARN_SUSPICIOUS_MOVE = YES;
				CLANG_WARN_UNGUARDED_AVAILABILITY = YES_AGGRESSIVE;
				CLANG_WARN_UNREACHABLE_CODE = YES;
				CLANG_WARN__DUPLICATE_METHOD_MATCH = YES;
				COPY_PHASE_STRIP = NO;
				DEBUG_INFORMATION_FORMAT = "dwarf-with-dsym";
				ENABLE_NS_ASSERTIONS = NO;
				ENABLE_STRICT_OBJC_MSGSEND = YES;
				GCC_C_LANGUAGE_STANDARD = gnu11;
				GCC_NO_COMMON_BLOCKS = YES;
				GCC_WARN_64_TO_32_BIT_CONVERSION = YES;
				GCC_WARN_ABOUT_RETURN_TYPE = YES_ERROR;
				GCC_WARN_UNDECLARED_SELECTOR = YES;
				GCC_WARN_UNINITIALIZED_AUTOS = YES_AGGRESSIVE;
				GCC_WARN_UNUSED_FUNCTION = YES;
				GCC_WARN_UNUSED_VARIABLE = YES;
				MTL_ENABLE_DEBUG_INFO = NO;
				MTL_FAST_MATH = YES;
				SWIFT_COMPILATION_MODE = wholemodule;
				SWIFT_OPTIMIZATION_LEVEL = "-O";
			};
			name = Release;
		};
		42AEF43B27927B3E0022B87F /* Debug */ = {
			isa = XCBuildConfiguration;
			buildSettings = {
				ASSETCATALOG_COMPILER_APPICON_NAME = AppIcon;
				ASSETCATALOG_COMPILER_GLOBAL_ACCENT_COLOR_NAME = AccentColor;
				CODE_SIGN_STYLE = Automatic;
				CURRENT_PROJECT_VERSION = 1;
				DEVELOPMENT_TEAM = AV52Q982W3;
				ENABLE_PREVIEWS = YES;
				GENERATE_INFOPLIST_FILE = YES;
				INFOPLIST_KEY_UIApplicationSceneManifest_Generation = YES;
				INFOPLIST_KEY_UIApplicationSupportsIndirectInputEvents = YES;
				INFOPLIST_KEY_UILaunchScreen_Generation = YES;
				INFOPLIST_KEY_UISupportedInterfaceOrientations = UIInterfaceOrientationPortrait;
				INFOPLIST_KEY_UISupportedInterfaceOrientations_iPad = "UIInterfaceOrientationPortrait UIInterfaceOrientationPortraitUpsideDown UIInterfaceOrientationLandscapeLeft UIInterfaceOrientationLandscapeRight";
				INFOPLIST_KEY_UISupportedInterfaceOrientations_iPhone = "UIInterfaceOrientationPortrait UIInterfaceOrientationLandscapeLeft UIInterfaceOrientationLandscapeRight";
				IPHONEOS_DEPLOYMENT_TARGET = 15.2;
				LD_RUNPATH_SEARCH_PATHS = (
					"$(inherited)",
					"@executable_path/Frameworks",
				);
				MARKETING_VERSION = 1.0;
				PRODUCT_BUNDLE_IDENTIFIER = com.katystuparu.digestivesystem;
				PRODUCT_NAME = digestivesystem;
				SDKROOT = iphoneos;
				SWIFT_EMIT_LOC_STRINGS = YES;
				SWIFT_VERSION = 5.0;
				TARGETED_DEVICE_FAMILY = 1;
			};
			name = Debug;
		};
		42AEF43C27927B3E0022B87F /* Release */ = {
			isa = XCBuildConfiguration;
			buildSettings = {
				ASSETCATALOG_COMPILER_APPICON_NAME = AppIcon;
				ASSETCATALOG_COMPILER_GLOBAL_ACCENT_COLOR_NAME = AccentColor;
				CODE_SIGN_STYLE = Automatic;
				CURRENT_PROJECT_VERSION = 1;
				DEVELOPMENT_TEAM = AV52Q982W3;
				ENABLE_PREVIEWS = YES;
				GENERATE_INFOPLIST_FILE = YES;
				INFOPLIST_KEY_UIApplicationSceneManifest_Generation = YES;
				INFOPLIST_KEY_UIApplicationSupportsIndirectInputEvents = YES;
				INFOPLIST_KEY_UILaunchScreen_Generation = YES;
				INFOPLIST_KEY_UISupportedInterfaceOrientations = UIInterfaceOrientationPortrait;
				INFOPLIST_KEY_UISupportedInterfaceOrientations_iPad = "UIInterfaceOrientationPortrait UIInterfaceOrientationPortraitUpsideDown UIInterfaceOrientationLandscapeLeft UIInterfaceOrientationLandscapeRight";
				INFOPLIST_KEY_UISupportedInterfaceOrientations_iPhone = "UIInterfaceOrientationPortrait UIInterfaceOrientationLandscapeLeft UIInterfaceOrientationLandscapeRight";
				IPHONEOS_DEPLOYMENT_TARGET = 15.2;
				LD_RUNPATH_SEARCH_PATHS = (
					"$(inherited)",
					"@executable_path/Frameworks",
				);
				MARKETING_VERSION = 1.0;
				PRODUCT_BUNDLE_IDENTIFIER = com.katystuparu.digestivesystem;
				PRODUCT_NAME = digestivesystem;
				SDKROOT = iphoneos;
				SWIFT_EMIT_LOC_STRINGS = YES;
				SWIFT_VERSION = 5.0;
				TARGETED_DEVICE_FAMILY = 1;
				VALIDATE_PRODUCT = YES;
			};
			name = Release;
		};
		42AEF43E27927B3E0022B87F /* Debug */ = {
			isa = XCBuildConfiguration;
			buildSettings = {
				ASSETCATALOG_COMPILER_APPICON_NAME = AppIcon;
				ASSETCATALOG_COMPILER_GLOBAL_ACCENT_COLOR_NAME = AccentColor;
				CODE_SIGN_ENTITLEMENTS = macOS/macOS.entitlements;
				CODE_SIGN_STYLE = Automatic;
				COMBINE_HIDPI_IMAGES = YES;
				CURRENT_PROJECT_VERSION = 1;
				DEVELOPMENT_TEAM = AV52Q982W3;
				ENABLE_HARDENED_RUNTIME = YES;
				ENABLE_PREVIEWS = YES;
				GENERATE_INFOPLIST_FILE = YES;
				INFOPLIST_KEY_NSHumanReadableCopyright = "";
				LD_RUNPATH_SEARCH_PATHS = (
					"$(inherited)",
					"@executable_path/../Frameworks",
				);
				MACOSX_DEPLOYMENT_TARGET = 11.6;
				MARKETING_VERSION = 1.0;
				PRODUCT_BUNDLE_IDENTIFIER = com.katystuparu.digestivesystem;
				PRODUCT_NAME = digestivesystem;
				SDKROOT = macosx;
				SWIFT_EMIT_LOC_STRINGS = YES;
				SWIFT_VERSION = 5.0;
			};
			name = Debug;
		};
		42AEF43F27927B3E0022B87F /* Release */ = {
			isa = XCBuildConfiguration;
			buildSettings = {
				ASSETCATALOG_COMPILER_APPICON_NAME = AppIcon;
				ASSETCATALOG_COMPILER_GLOBAL_ACCENT_COLOR_NAME = AccentColor;
				CODE_SIGN_ENTITLEMENTS = macOS/macOS.entitlements;
				CODE_SIGN_STYLE = Automatic;
				COMBINE_HIDPI_IMAGES = YES;
				CURRENT_PROJECT_VERSION = 1;
				DEVELOPMENT_TEAM = AV52Q982W3;
				ENABLE_HARDENED_RUNTIME = YES;
				ENABLE_PREVIEWS = YES;
				GENERATE_INFOPLIST_FILE = YES;
				INFOPLIST_KEY_NSHumanReadableCopyright = "";
				LD_RUNPATH_SEARCH_PATHS = (
					"$(inherited)",
					"@executable_path/../Frameworks",
				);
				MACOSX_DEPLOYMENT_TARGET = 11.6;
				MARKETING_VERSION = 1.0;
				PRODUCT_BUNDLE_IDENTIFIER = com.katystuparu.digestivesystem;
				PRODUCT_NAME = digestivesystem;
				SDKROOT = macosx;
				SWIFT_EMIT_LOC_STRINGS = YES;
				SWIFT_VERSION = 5.0;
			};
			name = Release;
		};
/* End XCBuildConfiguration section */

/* Begin XCConfigurationList section */
		42AEF42027927B3B0022B87F /* Build configuration list for PBXProject "digestivesystem" */ = {
			isa = XCConfigurationList;
			buildConfigurations = (
				42AEF43827927B3E0022B87F /* Debug */,
				42AEF43927927B3E0022B87F /* Release */,
			);
			defaultConfigurationIsVisible = 0;
			defaultConfigurationName = Release;
		};
		42AEF43A27927B3E0022B87F /* Build configuration list for PBXNativeTarget "digestivesystem (iOS)" */ = {
			isa = XCConfigurationList;
			buildConfigurations = (
				42AEF43B27927B3E0022B87F /* Debug */,
				42AEF43C27927B3E0022B87F /* Release */,
			);
			defaultConfigurationIsVisible = 0;
			defaultConfigurationName = Release;
		};
		42AEF43D27927B3E0022B87F /* Build configuration list for PBXNativeTarget "digestivesystem (macOS)" */ = {
			isa = XCConfigurationList;
			buildConfigurations = (
				42AEF43E27927B3E0022B87F /* Debug */,
				42AEF43F27927B3E0022B87F /* Release */,
			);
			defaultConfigurationIsVisible = 0;
			defaultConfigurationName = Release;
		};
/* End XCConfigurationList section */
	};
	rootObject = 42AEF41D27927B3B0022B87F /* Project object */;
}
